{
  "name": "plugin-samples",
  "version": "1.0.0",
  "lockfileVersion": 1,
  "requires": true,
  "dependencies": {
    "@figma/plugin-typings": {
      "version": "1.35.0",
      "resolved": "https://registry.npmjs.org/@figma/plugin-typings/-/plugin-typings-1.35.0.tgz",
      "integrity": "sha512-dqTKb8ZS4MutR8SxaEp0KtiX7yAeeivX6R8it1rP9fQKDZVbarGGk4KRKFQua3+F1MjF1ayX5vAFe0NyudNVXg==",
      "dev": true
    }
  }
}
