{
  "name": "plugin-samples",
  "version": "1.0.0",
  "lockfileVersion": 2,
  "requires": true,
  "packages": {
    "": {
      "name": "plugin-samples",
      "version": "1.0.0",
      "license": "MIT",
      "devDependencies": {
        "@figma/plugin-typings": "^1.34.1"
      }
    },
    "node_modules/@figma/plugin-typings": {
      "version": "1.54.0",
      "resolved": "https://registry.npmjs.org/@figma/plugin-typings/-/plugin-typings-1.54.0.tgz",
      "integrity": "sha512-jetMn5s9p+X/iB+ZXbUrMI++8zhK21n6W9KT/IAz4DfI9NMy0+URlEaySmqRMyKwZUMVRhzYO10QzQLfOXk1fQ==",
      "dev": true
    }
  },
  "dependencies": {
    "@figma/plugin-typings": {
      "version": "1.54.0",
      "resolved": "https://registry.npmjs.org/@figma/plugin-typings/-/plugin-typings-1.54.0.tgz",
      "integrity": "sha512-jetMn5s9p+X/iB+ZXbUrMI++8zhK21n6W9KT/IAz4DfI9NMy0+URlEaySmqRMyKwZUMVRhzYO10QzQLfOXk1fQ==",
      "dev": true
    }
  }
}
