{
  "name": "Metacards",
  "version": "1.0.0",
  "lockfileVersion": 1,
  "requires": true,
  "dependencies": {
    "@figma/plugin-typings": {
      "version": "1.31.0",
      "resolved": "https://registry.npmjs.org/@figma/plugin-typings/-/plugin-typings-1.31.0.tgz",
      "integrity": "sha512-9mOEn31yyta5QC3E3lpAaoHKeEP1/NH++nFOeXjQrfOEgVnX7za9+aG5biVxPS9DZpBcquIIHqyq31Ejnu8MgQ==",
      "dev": true
    }
  }
}
