{
  "name": "Go-to",
  "version": "1.0.0",
  "lockfileVersion": 1,
  "requires": true,
  "dependencies": {
    "@figma/plugin-typings": {
      "version": "1.34.1",
      "resolved": "https://registry.npmjs.org/@figma/plugin-typings/-/plugin-typings-1.34.1.tgz",
      "integrity": "sha512-em9v0liZaNCfndggqMjmLDxHj5b+lfMqpimmT05XMJLTH4Vgdf5JiziJx5xRvd3OwUH+kdimustdvzHsD9WE8Q==",
      "dev": true
    }
  }
}
